
Microsoft Visual Studio Solution File, Format Version 12.00
# Visual Studio Version 17
VisualStudioVersion = 17.13.36105.23 d17.13
MinimumVisualStudioVersion = 10.0.40219.1
Project("{FAE04EC0-301F-11D3-BF4B-00C04F79EFBC}") = "Calculator", "Calculator.csproj", "{8E2BBB70-150F-4DE7-80E2-9E09BE0B34DF}"
EndProject
Global
	GlobalSection(SolutionConfigurationPlatforms) = preSolution
		Debug|Any CPU = Debug|Any CPU
		Release|Any CPU = Release|Any CPU
	EndGlobalSection
	GlobalSection(ProjectConfigurationPlatforms) = postSolution
		{8E2BBB70-150F-4DE7-80E2-9E09BE0B34DF}.Debug|Any CPU.ActiveCfg = Debug|Any CPU
		{8E2BBB70-150F-4DE7-80E2-9E09BE0B34DF}.Debug|Any CPU.Build.0 = Debug|Any CPU
		{8E2BBB70-150F-4DE7-80E2-9E09BE0B34DF}.Release|Any CPU.ActiveCfg = Release|Any CPU
		{8E2BBB70-150F-4DE7-80E2-9E09BE0B34DF}.Release|Any CPU.Build.0 = Release|Any CPU
	EndGlobalSection
	GlobalSection(SolutionProperties) = preSolution
		HideSolutionNode = FALSE
	EndGlobalSection
	GlobalSection(ExtensibilityGlobals) = postSolution
		SolutionGuid = {12B1782A-7754-4A31-A035-FA4A06435121}
	EndGlobalSection
EndGlobal
